
Microsoft Visual Studio Solution File, Format Version 12.00
# Visual Studio Version 16
VisualStudioVersion = 16.0.29020.237
MinimumVisualStudioVersion = 10.0.40219.1
Project("{9A19103F-16F7-4668-BE54-9A1E7A4F7556}") = "ConsoleCoreSender", "ConsoleCoreSender\ConsoleCoreSender.csproj", "{F6EBFE88-0C86-43C0-9B00-E63C6CCD402A}"
EndProject
Project("{9A19103F-16F7-4668-BE54-9A1E7A4F7556}") = "ConsoleCoreReceiver", "ConsoleCoreReceiver\ConsoleCoreReceiver.csproj", "{48FFEC34-0DA3-4980-B59C-80E3D2469FCA}"
EndProject
Project("{FAE04EC0-301F-11D3-BF4B-00C04F79EFBC}") = "WONGA.RabbitMQ.Service.Test", "WONGA.RabbitMQ.Service.Test\WONGA.RabbitMQ.Service.Test.csproj", "{E5CB49A3-97B8-46D3-A086-B3FCAD16AE3E}"
EndProject
Project("{FAE04EC0-301F-11D3-BF4B-00C04F79EFBC}") = "WONGA.RabbitMQ.Service", "WONGA.RabbitMQ.Service\WONGA.RabbitMQ.Service.csproj", "{04B6E8D0-5F35-4B21-B236-0AC13E05A060}"
EndProject
Global
	GlobalSection(SolutionConfigurationPlatforms) = preSolution
		Debug|Any CPU = Debug|Any CPU
		Release|Any CPU = Release|Any CPU
	EndGlobalSection
	GlobalSection(ProjectConfigurationPlatforms) = postSolution
		{F6EBFE88-0C86-43C0-9B00-E63C6CCD402A}.Debug|Any CPU.ActiveCfg = Debug|Any CPU
		{F6EBFE88-0C86-43C0-9B00-E63C6CCD402A}.Debug|Any CPU.Build.0 = Debug|Any CPU
		{F6EBFE88-0C86-43C0-9B00-E63C6CCD402A}.Release|Any CPU.ActiveCfg = Release|Any CPU
		{F6EBFE88-0C86-43C0-9B00-E63C6CCD402A}.Release|Any CPU.Build.0 = Release|Any CPU
		{48FFEC34-0DA3-4980-B59C-80E3D2469FCA}.Debug|Any CPU.ActiveCfg = Debug|Any CPU
		{48FFEC34-0DA3-4980-B59C-80E3D2469FCA}.Debug|Any CPU.Build.0 = Debug|Any CPU
		{48FFEC34-0DA3-4980-B59C-80E3D2469FCA}.Release|Any CPU.ActiveCfg = Release|Any CPU
		{48FFEC34-0DA3-4980-B59C-80E3D2469FCA}.Release|Any CPU.Build.0 = Release|Any CPU
		{E5CB49A3-97B8-46D3-A086-B3FCAD16AE3E}.Debug|Any CPU.ActiveCfg = Debug|Any CPU
		{E5CB49A3-97B8-46D3-A086-B3FCAD16AE3E}.Debug|Any CPU.Build.0 = Debug|Any CPU
		{E5CB49A3-97B8-46D3-A086-B3FCAD16AE3E}.Release|Any CPU.ActiveCfg = Release|Any CPU
		{E5CB49A3-97B8-46D3-A086-B3FCAD16AE3E}.Release|Any CPU.Build.0 = Release|Any CPU
		{04B6E8D0-5F35-4B21-B236-0AC13E05A060}.Debug|Any CPU.ActiveCfg = Debug|Any CPU
		{04B6E8D0-5F35-4B21-B236-0AC13E05A060}.Debug|Any CPU.Build.0 = Debug|Any CPU
		{04B6E8D0-5F35-4B21-B236-0AC13E05A060}.Release|Any CPU.ActiveCfg = Release|Any CPU
		{04B6E8D0-5F35-4B21-B236-0AC13E05A060}.Release|Any CPU.Build.0 = Release|Any CPU
	EndGlobalSection
	GlobalSection(SolutionProperties) = preSolution
		HideSolutionNode = FALSE
	EndGlobalSection
	GlobalSection(ExtensibilityGlobals) = postSolution
		SolutionGuid = {81378952-7043-4994-AF37-5F588233838E}
	EndGlobalSection
EndGlobal
